// !$*UTF8*$!
{
	archiveVersion = 1;
	classes = {
	};
	objectVersion = 50;
	objects = {

/* Begin PBXBuildFile section */
		2024DA35228777080032F3C3 /* AppDelegate.swift in Sources */ = {isa = PBXBuildFile; fileRef = 2024DA34228777080032F3C3 /* AppDelegate.swift */; };
		2024DA37228777080032F3C3 /* ViewController.swift in Sources */ = {isa = PBXBuildFile; fileRef = 2024DA36228777080032F3C3 /* ViewController.swift */; };
		2024DA3A228777080032F3C3 /* Main.storyboard in Resources */ = {isa = PBXBuildFile; fileRef = 2024DA38228777080032F3C3 /* Main.storyboard */; };
		2024DA3C228777090032F3C3 /* Assets.xcassets in Resources */ = {isa = PBXBuildFile; fileRef = 2024DA3B228777090032F3C3 /* Assets.xcassets */; };
		2024DA3F228777090032F3C3 /* LaunchScreen.storyboard in Resources */ = {isa = PBXBuildFile; fileRef = 2024DA3D228777090032F3C3 /* LaunchScreen.storyboard */; };
		2024DA4A228777090032F3C3 /* sevenswiftywordsTests.swift in Sources */ = {isa = PBXBuildFile; fileRef = 2024DA49228777090032F3C3 /* sevenswiftywordsTests.swift */; };
		2024DA55228777090032F3C3 /* sevenswiftywordsUITests.swift in Sources */ = {isa = PBXBuildFile; fileRef = 2024DA54228777090032F3C3 /* sevenswiftywordsUITests.swift */; };
		20756F232288E0A800540F90 /* level1.txt in Resources */ = {isa = PBXBuildFile; fileRef = 20756F222288E0A800540F90 /* level1.txt */; };
		20756F252288E36A00540F90 /* level2.txt in Resources */ = {isa = PBXBuildFile; fileRef = 20756F242288E36A00540F90 /* level2.txt */; };
/* End PBXBuildFile section */

/* Begin PBXContainerItemProxy section */
		2024DA46228777090032F3C3 /* PBXContainerItemProxy */ = {
			isa = PBXContainerItemProxy;
			containerPortal = 2024DA29228777080032F3C3 /* Project object */;
			proxyType = 1;
			remoteGlobalIDString = 2024DA30228777080032F3C3;
			remoteInfo = sevenswiftywords;
		};
		2024DA51228777090032F3C3 /* PBXContainerItemProxy */ = {
			isa = PBXContainerItemProxy;
			containerPortal = 2024DA29228777080032F3C3 /* Project object */;
			proxyType = 1;
			remoteGlobalIDString = 2024DA30228777080032F3C3;
			remoteInfo = sevenswiftywords;
		};
/* End PBXContainerItemProxy section */

/* Begin PBXFileReference section */
		2024DA31228777080032F3C3 /* sevenswiftywords.app */ = {isa = PBXFileReference; explicitFileType = wrapper.application; includeInIndex = 0; path = sevenswiftywords.app; sourceTree = BUILT_PRODUCTS_DIR; };
		2024DA34228777080032F3C3 /* AppDelegate.swift */ = {isa = PBXFileReference; lastKnownFileType = sourcecode.swift; path = AppDelegate.swift; sourceTree = "<group>"; };
		2024DA36228777080032F3C3 /* ViewController.swift */ = {isa = PBXFileReference; lastKnownFileType = sourcecode.swift; path = ViewController.swift; sourceTree = "<group>"; };
		2024DA39228777080032F3C3 /* Base */ = {isa = PBXFileReference; lastKnownFileType = file.storyboard; name = Base; path = Base.lproj/Main.storyboard; sourceTree = "<group>"; };
		2024DA3B228777090032F3C3 /* Assets.xcassets */ = {isa = PBXFileReference; lastKnownFileType = folder.assetcatalog; path = Assets.xcassets; sourceTree = "<group>"; };
		2024DA3E228777090032F3C3 /* Base */ = {isa = PBXFileReference; lastKnownFileType = file.storyboard; name = Base; path = Base.lproj/LaunchScreen.storyboard; sourceTree = "<group>"; };
		2024DA40228777090032F3C3 /* Info.plist */ = {isa = PBXFileReference; lastKnownFileType = text.plist.xml; path = Info.plist; sourceTree = "<group>"; };
		2024DA45228777090032F3C3 /* sevenswiftywordsTests.xctest */ = {isa = PBXFileReference; explicitFileType = wrapper.cfbundle; includeInIndex = 0; path = sevenswiftywordsTests.xctest; sourceTree = BUILT_PRODUCTS_DIR; };
		2024DA49228777090032F3C3 /* sevenswiftywordsTests.swift */ = {isa = PBXFileReference; lastKnownFileType = sourcecode.swift; path = sevenswiftywordsTests.swift; sourceTree = "<group>"; };
		2024DA4B228777090032F3C3 /* Info.plist */ = {isa = PBXFileReference; lastKnownFileType = text.plist.xml; path = Info.plist; sourceTree = "<group>"; };
		2024DA50228777090032F3C3 /* sevenswiftywordsUITests.xctest */ = {isa = PBXFileReference; explicitFileType = wrapper.cfbundle; includeInIndex = 0; path = sevenswiftywordsUITests.xctest; sourceTree = BUILT_PRODUCTS_DIR; };
		2024DA54228777090032F3C3 /* sevenswiftywordsUITests.swift */ = {isa = PBXFileReference; lastKnownFileType = sourcecode.swift; path = sevenswiftywordsUITests.swift; sourceTree = "<group>"; };
		2024DA56228777090032F3C3 /* Info.plist */ = {isa = PBXFileReference; lastKnownFileType = text.plist.xml; path = Info.plist; sourceTree = "<group>"; };
		20756F222288E0A800540F90 /* level1.txt */ = {isa = PBXFileReference; fileEncoding = 4; lastKnownFileType = text; path = level1.txt; sourceTree = "<group>"; };
		20756F242288E36A00540F90 /* level2.txt */ = {isa = PBXFileReference; fileEncoding = 4; lastKnownFileType = text; path = level2.txt; sourceTree = "<group>"; };
/* End PBXFileReference section */

/* Begin PBXFrameworksBuildPhase section */
		2024DA2E228777080032F3C3 /* Frameworks */ = {
			isa = PBXFrameworksBuildPhase;
			buildActionMask = 2147483647;
			files = (
			);
			runOnlyForDeploymentPostprocessing = 0;
		};
		2024DA42228777090032F3C3 /* Frameworks */ = {
			isa = PBXFrameworksBuildPhase;
			buildActionMask = 2147483647;
			files = (
			);
			runOnlyForDeploymentPostprocessing = 0;
		};
		2024DA4D228777090032F3C3 /* Frameworks */ = {
			isa = PBXFrameworksBuildPhase;
			buildActionMask = 2147483647;
			files = (
			);
			runOnlyForDeploymentPostprocessing = 0;
		};
/* End PBXFrameworksBuildPhase section */

/* Begin PBXGroup section */
		2024DA28228777080032F3C3 = {
			isa = PBXGroup;
			children = (
				2024DA33228777080032F3C3 /* sevenswiftywords */,
				2024DA48228777090032F3C3 /* sevenswiftywordsTests */,
				2024DA53228777090032F3C3 /* sevenswiftywordsUITests */,
				2024DA32228777080032F3C3 /* Products */,
			);
			sourceTree = "<group>";
		};
		2024DA32228777080032F3C3 /* Products */ = {
			isa = PBXGroup;
			children = (
				2024DA31228777080032F3C3 /* sevenswiftywords.app */,
				2024DA45228777090032F3C3 /* sevenswiftywordsTests.xctest */,
				2024DA50228777090032F3C3 /* sevenswiftywordsUITests.xctest */,
			);
			name = Products;
			sourceTree = "<group>";
		};
		2024DA33228777080032F3C3 /* sevenswiftywords */ = {
			isa = PBXGroup;
			children = (
				2024DA34228777080032F3C3 /* AppDelegate.swift */,
				2024DA36228777080032F3C3 /* ViewController.swift */,
				2024DA38228777080032F3C3 /* Main.storyboard */,
				2024DA3B228777090032F3C3 /* Assets.xcassets */,
				2024DA3D228777090032F3C3 /* LaunchScreen.storyboard */,
				2024DA40228777090032F3C3 /* Info.plist */,
				20756F222288E0A800540F90 /* level1.txt */,
				20756F242288E36A00540F90 /* level2.txt */,
			);
			path = sevenswiftywords;
			sourceTree = "<group>";
		};
		2024DA48228777090032F3C3 /* sevenswiftywordsTests */ = {
			isa = PBXGroup;
			children = (
				2024DA49228777090032F3C3 /* sevenswiftywordsTests.swift */,
				2024DA4B228777090032F3C3 /* Info.plist */,
			);
			path = sevenswiftywordsTests;
			sourceTree = "<group>";
		};
		2024DA53228777090032F3C3 /* sevenswiftywordsUITests */ = {
			isa = PBXGroup;
			children = (
				2024DA54228777090032F3C3 /* sevenswiftywordsUITests.swift */,
				2024DA56228777090032F3C3 /* Info.plist */,
			);
			path = sevenswiftywordsUITests;
			sourceTree = "<group>";
		};
/* End PBXGroup section */

/* Begin PBXNativeTarget section */
		2024DA30228777080032F3C3 /* sevenswiftywords */ = {
			isa = PBXNativeTarget;
			buildConfigurationList = 2024DA59228777090032F3C3 /* Build configuration list for PBXNativeTarget "sevenswiftywords" */;
			buildPhases = (
				2024DA2D228777080032F3C3 /* Sources */,
				2024DA2E228777080032F3C3 /* Frameworks */,
				2024DA2F228777080032F3C3 /* Resources */,
			);
			buildRules = (
			);
			dependencies = (
			);
			name = sevenswiftywords;
			productName = sevenswiftywords;
			productReference = 2024DA31228777080032F3C3 /* sevenswiftywords.app */;
			productType = "com.apple.product-type.application";
		};
		2024DA44228777090032F3C3 /* sevenswiftywordsTests */ = {
			isa = PBXNativeTarget;
			buildConfigurationList = 2024DA5C228777090032F3C3 /* Build configuration list for PBXNativeTarget "sevenswiftywordsTests" */;
			buildPhases = (
				2024DA41228777090032F3C3 /* Sources */,
				2024DA42228777090032F3C3 /* Frameworks */,
				2024DA43228777090032F3C3 /* Resources */,
			);
			buildRules = (
			);
			dependencies = (
				2024DA47228777090032F3C3 /* PBXTargetDependency */,
			);
			name = sevenswiftywordsTests;
			productName = sevenswiftywordsTests;
			productReference = 2024DA45228777090032F3C3 /* sevenswiftywordsTests.xctest */;
			productType = "com.apple.product-type.bundle.unit-test";
		};
		2024DA4F228777090032F3C3 /* sevenswiftywordsUITests */ = {
			isa = PBXNativeTarget;
			buildConfigurationList = 2024DA5F228777090032F3C3 /* Build configuration list for PBXNativeTarget "sevenswiftywordsUITests" */;
			buildPhases = (
				2024DA4C228777090032F3C3 /* Sources */,
				2024DA4D228777090032F3C3 /* Frameworks */,
				2024DA4E228777090032F3C3 /* Resources */,
			);
			buildRules = (
			);
			dependencies = (
				2024DA52228777090032F3C3 /* PBXTargetDependency */,
			);
			name = sevenswiftywordsUITests;
			productName = sevenswiftywordsUITests;
			productReference = 2024DA50228777090032F3C3 /* sevenswiftywordsUITests.xctest */;
			productType = "com.apple.product-type.bundle.ui-testing";
		};
/* End PBXNativeTarget section */

/* Begin PBXProject section */
		2024DA29228777080032F3C3 /* Project object */ = {
			isa = PBXProject;
			attributes = {
				LastSwiftUpdateCheck = 1020;
				LastUpgradeCheck = 1020;
				ORGANIZATIONNAME = BJ;
				TargetAttributes = {
					2024DA30228777080032F3C3 = {
						CreatedOnToolsVersion = 10.2.1;
					};
					2024DA44228777090032F3C3 = {
						CreatedOnToolsVersion = 10.2.1;
						TestTargetID = 2024DA30228777080032F3C3;
					};
					2024DA4F228777090032F3C3 = {
						CreatedOnToolsVersion = 10.2.1;
						TestTargetID = 2024DA30228777080032F3C3;
					};
				};
			};
			buildConfigurationList = 2024DA2C228777080032F3C3 /* Build configuration list for PBXProject "sevenswiftywords" */;
			compatibilityVersion = "Xcode 9.3";
			developmentRegion = en;
			hasScannedForEncodings = 0;
			knownRegions = (
				en,
				Base,
			);
			mainGroup = 2024DA28228777080032F3C3;
			productRefGroup = 2024DA32228777080032F3C3 /* Products */;
			projectDirPath = "";
			projectRoot = "";
			targets = (
				2024DA30228777080032F3C3 /* sevenswiftywords */,
				2024DA44228777090032F3C3 /* sevenswiftywordsTests */,
				2024DA4F228777090032F3C3 /* sevenswiftywordsUITests */,
			);
		};
/* End PBXProject section */

/* Begin PBXResourcesBuildPhase section */
		2024DA2F228777080032F3C3 /* Resources */ = {
			isa = PBXResourcesBuildPhase;
			buildActionMask = 2147483647;
			files = (
				20756F252288E36A00540F90 /* level2.txt in Resources */,
				2024DA3F228777090032F3C3 /* LaunchScreen.storyboard in Resources */,
				20756F232288E0A800540F90 /* level1.txt in Resources */,
				2024DA3C228777090032F3C3 /* Assets.xcassets in Resources */,
				2024DA3A228777080032F3C3 /* Main.storyboard in Resources */,
			);
			runOnlyForDeploymentPostprocessing = 0;
		};
		2024DA43228777090032F3C3 /* Resources */ = {
			isa = PBXResourcesBuildPhase;
			buildActionMask = 2147483647;
			files = (
			);
			runOnlyForDeploymentPostprocessing = 0;
		};
		2024DA4E228777090032F3C3 /* Resources */ = {
			isa = PBXResourcesBuildPhase;
			buildActionMask = 2147483647;
			files = (
			);
			runOnlyForDeploymentPostprocessing = 0;
		};
/* End PBXResourcesBuildPhase section */

/* Begin PBXSourcesBuildPhase section */
		2024DA2D228777080032F3C3 /* Sources */ = {
			isa = PBXSourcesBuildPhase;
			buildActionMask = 2147483647;
			files = (
				2024DA37228777080032F3C3 /* ViewController.swift in Sources */,
				2024DA35228777080032F3C3 /* AppDelegate.swift in Sources */,
			);
			runOnlyForDeploymentPostprocessing = 0;
		};
		2024DA41228777090032F3C3 /* Sources */ = {
			isa = PBXSourcesBuildPhase;
			buildActionMask = 2147483647;
			files = (
				2024DA4A228777090032F3C3 /* sevenswiftywordsTests.swift in Sources */,
			);
			runOnlyForDeploymentPostprocessing = 0;
		};
		2024DA4C228777090032F3C3 /* Sources */ = {
			isa = PBXSourcesBuildPhase;
			buildActionMask = 2147483647;
			files = (
				2024DA55228777090032F3C3 /* sevenswiftywordsUITests.swift in Sources */,
			);
			runOnlyForDeploymentPostprocessing = 0;
		};
/* End PBXSourcesBuildPhase section */

/* Begin PBXTargetDependency section */
		2024DA47228777090032F3C3 /* PBXTargetDependency */ = {
			isa = PBXTargetDependency;
			target = 2024DA30228777080032F3C3 /* sevenswiftywords */;
			targetProxy = 2024DA46228777090032F3C3 /* PBXContainerItemProxy */;
		};
		2024DA52228777090032F3C3 /* PBXTargetDependency */ = {
			isa = PBXTargetDependency;
			target = 2024DA30228777080032F3C3 /* sevenswiftywords */;
			targetProxy = 2024DA51228777090032F3C3 /* PBXContainerItemProxy */;
		};
/* End PBXTargetDependency section */

/* Begin PBXVariantGroup section */
		2024DA38228777080032F3C3 /* Main.storyboard */ = {
			isa = PBXVariantGroup;
			children = (
				2024DA39228777080032F3C3 /* Base */,
			);
			name = Main.storyboard;
			sourceTree = "<group>";
		};
		2024DA3D228777090032F3C3 /* LaunchScreen.storyboard */ = {
			isa = PBXVariantGroup;
			children = (
				2024DA3E228777090032F3C3 /* Base */,
			);
			name = LaunchScreen.storyboard;
			sourceTree = "<group>";
		};
/* End PBXVariantGroup section */

/* Begin XCBuildConfiguration section */
		2024DA57228777090032F3C3 /* Debug */ = {
			isa = XCBuildConfiguration;
			buildSettings = {
				ALWAYS_SEARCH_USER_PATHS = NO;
				CLANG_ANALYZER_NONNULL = YES;
				CLANG_ANALYZER_NUMBER_OBJECT_CONVERSION = YES_AGGRESSIVE;
				CLANG_CXX_LANGUAGE_STANDARD = "gnu++14";
				CLANG_CXX_LIBRARY = "libc++";
				CLANG_ENABLE_MODULES = YES;
				CLANG_ENABLE_OBJC_ARC = YES;
				CLANG_ENABLE_OBJC_WEAK = YES;
				CLANG_WARN_BLOCK_CAPTURE_AUTORELEASING = YES;
				CLANG_WARN_BOOL_CONVERSION = YES;
				CLANG_WARN_COMMA = YES;
				CLANG_WARN_CONSTANT_CONVERSION = YES;
				CLANG_WARN_DEPRECATED_OBJC_IMPLEMENTATIONS = YES;
				CLANG_WARN_DIRECT_OBJC_ISA_USAGE = YES_ERROR;
				CLANG_WARN_DOCUMENTATION_COMMENTS = YES;
				CLANG_WARN_EMPTY_BODY = YES;
				CLANG_WARN_ENUM_CONVERSION = YES;
				CLANG_WARN_INFINITE_RECURSION = YES;
				CLANG_WARN_INT_CONVERSION = YES;
				CLANG_WARN_NON_LITERAL_NULL_CONVERSION = YES;
				CLANG_WARN_OBJC_IMPLICIT_RETAIN_SELF = YES;
				CLANG_WARN_OBJC_LITERAL_CONVERSION = YES;
				CLANG_WARN_OBJC_ROOT_CLASS = YES_ERROR;
				CLANG_WARN_RANGE_LOOP_ANALYSIS = YES;
				CLANG_WARN_STRICT_PROTOTYPES = YES;
				CLANG_WARN_SUSPICIOUS_MOVE = YES;
				CLANG_WARN_UNGUARDED_AVAILABILITY = YES_AGGRESSIVE;
				CLANG_WARN_UNREACHABLE_CODE = YES;
				CLANG_WARN__DUPLICATE_METHOD_MATCH = YES;
				CODE_SIGN_IDENTITY = "iPhone Developer";
				COPY_PHASE_STRIP = NO;
				DEBUG_INFORMATION_FORMAT = dwarf;
				ENABLE_STRICT_OBJC_MSGSEND = YES;
				ENABLE_TESTABILITY = YES;
				GCC_C_LANGUAGE_STANDARD = gnu11;
				GCC_DYNAMIC_NO_PIC = NO;
				GCC_NO_COMMON_BLOCKS = YES;
				GCC_OPTIMIZATION_LEVEL = 0;
				GCC_PREPROCESSOR_DEFINITIONS = (
					"DEBUG=1",
					"$(inherited)",
				);
				GCC_WARN_64_TO_32_BIT_CONVERSION = YES;
				GCC_WARN_ABOUT_RETURN_TYPE = YES_ERROR;
				GCC_WARN_UNDECLARED_SELECTOR = YES;
				GCC_WARN_UNINITIALIZED_AUTOS = YES_AGGRESSIVE;
				GCC_WARN_UNUSED_FUNCTION = YES;
				GCC_WARN_UNUSED_VARIABLE = YES;
				IPHONEOS_DEPLOYMENT_TARGET = 12.2;
				MTL_ENABLE_DEBUG_INFO = INCLUDE_SOURCE;
				MTL_FAST_MATH = YES;
				ONLY_ACTIVE_ARCH = YES;
				SDKROOT = iphoneos;
				SWIFT_ACTIVE_COMPILATION_CONDITIONS = DEBUG;
				SWIFT_OPTIMIZATION_LEVEL = "-Onone";
			};
			name = Debug;
		};
		2024DA58228777090032F3C3 /* Release */ = {
			isa = XCBuildConfiguration;
			buildSettings = {
				ALWAYS_SEARCH_USER_PATHS = NO;
				CLANG_ANALYZER_NONNULL = YES;
				CLANG_ANALYZER_NUMBER_OBJECT_CONVERSION = YES_AGGRESSIVE;
				CLANG_CXX_LANGUAGE_STANDARD = "gnu++14";
				CLANG_CXX_LIBRARY = "libc++";
				CLANG_ENABLE_MODULES = YES;
				CLANG_ENABLE_OBJC_ARC = YES;
				CLANG_ENABLE_OBJC_WEAK = YES;
				CLANG_WARN_BLOCK_CAPTURE_AUTORELEASING = YES;
				CLANG_WARN_BOOL_CONVERSION = YES;
				CLANG_WARN_COMMA = YES;
				CLANG_WARN_CONSTANT_CONVERSION = YES;
				CLANG_WARN_DEPRECATED_OBJC_IMPLEMENTATIONS = YES;
				CLANG_WARN_DIRECT_OBJC_ISA_USAGE = YES_ERROR;
				CLANG_WARN_DOCUMENTATION_COMMENTS = YES;
				CLANG_WARN_EMPTY_BODY = YES;
				CLANG_WARN_ENUM_CONVERSION = YES;
				CLANG_WARN_INFINITE_RECURSION = YES;
				CLANG_WARN_INT_CONVERSION = YES;
				CLANG_WARN_NON_LITERAL_NULL_CONVERSION = YES;
				CLANG_WARN_OBJC_IMPLICIT_RETAIN_SELF = YES;
				CLANG_WARN_OBJC_LITERAL_CONVERSION = YES;
				CLANG_WARN_OBJC_ROOT_CLASS = YES_ERROR;
				CLANG_WARN_RANGE_LOOP_ANALYSIS = YES;
				CLANG_WARN_STRICT_PROTOTYPES = YES;
				CLANG_WARN_SUSPICIOUS_MOVE = YES;
				CLANG_WARN_UNGUARDED_AVAILABILITY = YES_AGGRESSIVE;
				CLANG_WARN_UNREACHABLE_CODE = YES;
				CLANG_WARN__DUPLICATE_METHOD_MATCH = YES;
				CODE_SIGN_IDENTITY = "iPhone Developer";
				COPY_PHASE_STRIP = NO;
				DEBUG_INFORMATION_FORMAT = "dwarf-with-dsym";
				ENABLE_NS_ASSERTIONS = NO;
				ENABLE_STRICT_OBJC_MSGSEND = YES;
				GCC_C_LANGUAGE_STANDARD = gnu11;
				GCC_NO_COMMON_BLOCKS = YES;
				GCC_WARN_64_TO_32_BIT_CONVERSION = YES;
				GCC_WARN_ABOUT_RETURN_TYPE = YES_ERROR;
				GCC_WARN_UNDECLARED_SELECTOR = YES;
				GCC_WARN_UNINITIALIZED_AUTOS = YES_AGGRESSIVE;
				GCC_WARN_UNUSED_FUNCTION = YES;
				GCC_WARN_UNUSED_VARIABLE = YES;
				IPHONEOS_DEPLOYMENT_TARGET = 12.2;
				MTL_ENABLE_DEBUG_INFO = NO;
				MTL_FAST_MATH = YES;
				SDKROOT = iphoneos;
				SWIFT_COMPILATION_MODE = wholemodule;
				SWIFT_OPTIMIZATION_LEVEL = "-O";
				VALIDATE_PRODUCT = YES;
			};
			name = Release;
		};
		2024DA5A228777090032F3C3 /* Debug */ = {
			isa = XCBuildConfiguration;
			buildSettings = {
				ASSETCATALOG_COMPILER_APPICON_NAME = AppIcon;
				CODE_SIGN_STYLE = Automatic;
				DEVELOPMENT_TEAM = D6RXP55TYQ;
				INFOPLIST_FILE = sevenswiftywords/Info.plist;
				LD_RUNPATH_SEARCH_PATHS = (
					"$(inherited)",
					"@executable_path/Frameworks",
				);
				PRODUCT_BUNDLE_IDENTIFIER = zo0d.sevenswiftywords;
				PRODUCT_NAME = "$(TARGET_NAME)";
				SWIFT_VERSION = 5.0;
				TARGETED_DEVICE_FAMILY = "1,2";
			};
			name = Debug;
		};
		2024DA5B228777090032F3C3 /* Release */ = {
			isa = XCBuildConfiguration;
			buildSettings = {
				ASSETCATALOG_COMPILER_APPICON_NAME = AppIcon;
				CODE_SIGN_STYLE = Automatic;
				DEVELOPMENT_TEAM = D6RXP55TYQ;
				INFOPLIST_FILE = sevenswiftywords/Info.plist;
				LD_RUNPATH_SEARCH_PATHS = (
					"$(inherited)",
					"@executable_path/Frameworks",
				);
				PRODUCT_BUNDLE_IDENTIFIER = zo0d.sevenswiftywords;
				PRODUCT_NAME = "$(TARGET_NAME)";
				SWIFT_VERSION = 5.0;
				TARGETED_DEVICE_FAMILY = "1,2";
			};
			name = Release;
		};
		2024DA5D228777090032F3C3 /* Debug */ = {
			isa = XCBuildConfiguration;
			buildSettings = {
				ALWAYS_EMBED_SWIFT_STANDARD_LIBRARIES = YES;
				BUNDLE_LOADER = "$(TEST_HOST)";
				CODE_SIGN_STYLE = Automatic;
				INFOPLIST_FILE = sevenswiftywordsTests/Info.plist;
				LD_RUNPATH_SEARCH_PATHS = (
					"$(inherited)",
					"@executable_path/Frameworks",
					"@loader_path/Frameworks",
				);
				PRODUCT_BUNDLE_IDENTIFIER = zo0d.sevenswiftywordsTests;
				PRODUCT_NAME = "$(TARGET_NAME)";
				SWIFT_VERSION = 5.0;
				TARGETED_DEVICE_FAMILY = "1,2";
				TEST_HOST = "$(BUILT_PRODUCTS_DIR)/sevenswiftywords.app/sevenswiftywords";
			};
			name = Debug;
		};
		2024DA5E228777090032F3C3 /* Release */ = {
			isa = XCBuildConfiguration;
			buildSettings = {
				ALWAYS_EMBED_SWIFT_STANDARD_LIBRARIES = YES;
				BUNDLE_LOADER = "$(TEST_HOST)";
				CODE_SIGN_STYLE = Automatic;
				INFOPLIST_FILE = sevenswiftywordsTests/Info.plist;
				LD_RUNPATH_SEARCH_PATHS = (
					"$(inherited)",
					"@executable_path/Frameworks",
					"@loader_path/Frameworks",
				);
				PRODUCT_BUNDLE_IDENTIFIER = zo0d.sevenswiftywordsTests;
				PRODUCT_NAME = "$(TARGET_NAME)";
				SWIFT_VERSION = 5.0;
				TARGETED_DEVICE_FAMILY = "1,2";
				TEST_HOST = "$(BUILT_PRODUCTS_DIR)/sevenswiftywords.app/sevenswiftywords";
			};
			name = Release;
		};
		2024DA60228777090032F3C3 /* Debug */ = {
			isa = XCBuildConfiguration;
			buildSettings = {
				ALWAYS_EMBED_SWIFT_STANDARD_LIBRARIES = YES;
				CODE_SIGN_STYLE = Automatic;
				INFOPLIST_FILE = sevenswiftywordsUITests/Info.plist;
				LD_RUNPATH_SEARCH_PATHS = (
					"$(inherited)",
					"@executable_path/Frameworks",
					"@loader_path/Frameworks",
				);
				PRODUCT_BUNDLE_IDENTIFIER = zo0d.sevenswiftywordsUITests;
				PRODUCT_NAME = "$(TARGET_NAME)";
				SWIFT_VERSION = 5.0;
				TARGETED_DEVICE_FAMILY = "1,2";
				TEST_TARGET_NAME = sevenswiftywords;
			};
			name = Debug;
		};
		2024DA61228777090032F3C3 /* Release */ = {
			isa = XCBuildConfiguration;
			buildSettings = {
				ALWAYS_EMBED_SWIFT_STANDARD_LIBRARIES = YES;
				CODE_SIGN_STYLE = Automatic;
				INFOPLIST_FILE = sevenswiftywordsUITests/Info.plist;
				LD_RUNPATH_SEARCH_PATHS = (
					"$(inherited)",
					"@executable_path/Frameworks",
					"@loader_path/Frameworks",
				);
				PRODUCT_BUNDLE_IDENTIFIER = zo0d.sevenswiftywordsUITests;
				PRODUCT_NAME = "$(TARGET_NAME)";
				SWIFT_VERSION = 5.0;
				TARGETED_DEVICE_FAMILY = "1,2";
				TEST_TARGET_NAME = sevenswiftywords;
			};
			name = Release;
		};
/* End XCBuildConfiguration section */

/* Begin XCConfigurationList section */
		2024DA2C228777080032F3C3 /* Build configuration list for PBXProject "sevenswiftywords" */ = {
			isa = XCConfigurationList;
			buildConfigurations = (
				2024DA57228777090032F3C3 /* Debug */,
				2024DA58228777090032F3C3 /* Release */,
			);
			defaultConfigurationIsVisible = 0;
			defaultConfigurationName = Release;
		};
		2024DA59228777090032F3C3 /* Build configuration list for PBXNativeTarget "sevenswiftywords" */ = {
			isa = XCConfigurationList;
			buildConfigurations = (
				2024DA5A228777090032F3C3 /* Debug */,
				2024DA5B228777090032F3C3 /* Release */,
			);
			defaultConfigurationIsVisible = 0;
			defaultConfigurationName = Release;
		};
		2024DA5C228777090032F3C3 /* Build configuration list for PBXNativeTarget "sevenswiftywordsTests" */ = {
			isa = XCConfigurationList;
			buildConfigurations = (
				2024DA5D228777090032F3C3 /* Debug */,
				2024DA5E228777090032F3C3 /* Release */,
			);
			defaultConfigurationIsVisible = 0;
			defaultConfigurationName = Release;
		};
		2024DA5F228777090032F3C3 /* Build configuration list for PBXNativeTarget "sevenswiftywordsUITests" */ = {
			isa = XCConfigurationList;
			buildConfigurations = (
				2024DA60228777090032F3C3 /* Debug */,
				2024DA61228777090032F3C3 /* Release */,
			);
			defaultConfigurationIsVisible = 0;
			defaultConfigurationName = Release;
		};
/* End XCConfigurationList section */
	};
	rootObject = 2024DA29228777080032F3C3 /* Project object */;
}
